
Microsoft Visual Studio Solution File, Format Version 12.00
# Visual Studio Version 17
VisualStudioVersion = 17.6.33815.320
MinimumVisualStudioVersion = 10.0.40219.1
Project("{FAE04EC0-301F-11D3-BF4B-00C04F79EFBC}") = "DialogBotDemo", "DialogBotDemo.csproj", "{FC0745FD-F40A-4DDF-AF92-E1CAEB8E3793}"
EndProject
Global
	GlobalSection(SolutionConfigurationPlatforms) = preSolution
		Debug|Any CPU = Debug|Any CPU
		Release|Any CPU = Release|Any CPU
	EndGlobalSection
	GlobalSection(ProjectConfigurationPlatforms) = postSolution
		{FC0745FD-F40A-4DDF-AF92-E1CAEB8E3793}.Debug|Any CPU.ActiveCfg = Debug|Any CPU
		{FC0745FD-F40A-4DDF-AF92-E1CAEB8E3793}.Debug|Any CPU.Build.0 = Debug|Any CPU
		{FC0745FD-F40A-4DDF-AF92-E1CAEB8E3793}.Release|Any CPU.ActiveCfg = Release|Any CPU
		{FC0745FD-F40A-4DDF-AF92-E1CAEB8E3793}.Release|Any CPU.Build.0 = Release|Any CPU
	EndGlobalSection
	GlobalSection(SolutionProperties) = preSolution
		HideSolutionNode = FALSE
	EndGlobalSection
	GlobalSection(ExtensibilityGlobals) = postSolution
		SolutionGuid = {A65309F3-959F-4C11-9ECC-BD51241B1792}
	EndGlobalSection
EndGlobal
